
Microsoft Visual Studio Solution File, Format Version 12.00
# Visual Studio Version 17
VisualStudioVersion = 17.8.34330.188
MinimumVisualStudioVersion = 10.0.40219.1
Project("{FAE04EC0-301F-11D3-BF4B-00C04F79EFBC}") = "Travelling", "Travelling.csproj", "{D14CA41B-139F-4158-9138-96E6C3992BEC}"
EndProject
Global
	GlobalSection(SolutionConfigurationPlatforms) = preSolution
		Debug|Any CPU = Debug|Any CPU
		Release|Any CPU = Release|Any CPU
	EndGlobalSection
	GlobalSection(ProjectConfigurationPlatforms) = postSolution
		{D14CA41B-139F-4158-9138-96E6C3992BEC}.Debug|Any CPU.ActiveCfg = Debug|Any CPU
		{D14CA41B-139F-4158-9138-96E6C3992BEC}.Debug|Any CPU.Build.0 = Debug|Any CPU
		{D14CA41B-139F-4158-9138-96E6C3992BEC}.Release|Any CPU.ActiveCfg = Release|Any CPU
		{D14CA41B-139F-4158-9138-96E6C3992BEC}.Release|Any CPU.Build.0 = Release|Any CPU
	EndGlobalSection
	GlobalSection(SolutionProperties) = preSolution
		HideSolutionNode = FALSE
	EndGlobalSection
	GlobalSection(ExtensibilityGlobals) = postSolution
		SolutionGuid = {2FBFEA2B-5EA1-468C-95D0-696C412A489E}
	EndGlobalSection
EndGlobal
